
Microsoft Visual Studio Solution File, Format Version 12.00
# Visual Studio Version 17
VisualStudioVersion = 17.5.002.0
MinimumVisualStudioVersion = 10.0.40219.1
Project("{2150E333-8FDC-42A3-9474-1A3956D46DE8}") = "csharp-prep", "csharp-prep", "{FDBDF7AD-9AED-431F-939A-C6B8A499A0D2}"
EndProject
Project("{9A19103F-16F7-4668-BE54-9A1E7A4F7556}") = "Prep1", "csharp-prep\Prep1\Prep1.csproj", "{D849684D-D5C0-401F-97F2-80D0213481DD}"
EndProject
Project("{9A19103F-16F7-4668-BE54-9A1E7A4F7556}") = "Prep2", "csharp-prep\Prep2\Prep2.csproj", "{6ECC1999-C7F1-4C44-A7B4-FCD8191D18ED}"
EndProject
Project("{9A19103F-16F7-4668-BE54-9A1E7A4F7556}") = "Prep3", "csharp-prep\Prep3\Prep3.csproj", "{B5A6DF0F-7DA2-4834-ACB2-EDC1A71C440F}"
EndProject
Project("{9A19103F-16F7-4668-BE54-9A1E7A4F7556}") = "Prep4", "csharp-prep\Prep4\Prep4.csproj", "{C90F7ECB-37E3-45BA-891B-841194653B89}"
EndProject
Project("{9A19103F-16F7-4668-BE54-9A1E7A4F7556}") = "Prep5", "csharp-prep\Prep5\Prep5.csproj", "{49CF10EE-D8CF-4CD2-B2A8-BC2BF223F975}"
EndProject
Project("{2150E333-8FDC-42A3-9474-1A3956D46DE8}") = "final", "final", "{7120B54D-B1C7-4C13-8664-08B2ECB0263C}"
EndProject
Project("{9A19103F-16F7-4668-BE54-9A1E7A4F7556}") = "FinalProject", "final\FinalProject\FinalProject.csproj", "{18E15B8F-FFBE-46B4-841C-A444202C62A8}"
EndProject
Project("{9A19103F-16F7-4668-BE54-9A1E7A4F7556}") = "Foundation1", "final\Foundation1\Foundation1.csproj", "{67593465-2A99-4CC2-AE61-2E1AB2EC3512}"
EndProject
Project("{9A19103F-16F7-4668-BE54-9A1E7A4F7556}") = "Foundation2", "final\Foundation2\Foundation2.csproj", "{FD33E5B6-E21C-4AE9-99C5-7C8CCEF60846}"
EndProject
Project("{9A19103F-16F7-4668-BE54-9A1E7A4F7556}") = "Foundation3", "final\Foundation3\Foundation3.csproj", "{B80FEB5D-289B-4FB9-B8F5-2478C81F4E79}"
EndProject
Project("{9A19103F-16F7-4668-BE54-9A1E7A4F7556}") = "Foundation4", "final\Foundation4\Foundation4.csproj", "{61672E88-7F8D-4077-9836-10E5228156AB}"
EndProject
Project("{2150E333-8FDC-42A3-9474-1A3956D46DE8}") = "prepare", "prepare", "{CDABC9D8-E06A-4970-B20F-2886ED46675F}"
EndProject
Project("{9A19103F-16F7-4668-BE54-9A1E7A4F7556}") = "Learning02", "prepare\Learning02\Learning02.csproj", "{AA18F7E7-CA4C-4C62-9B46-7D44066F99A3}"
EndProject
Project("{9A19103F-16F7-4668-BE54-9A1E7A4F7556}") = "Learning03", "prepare\Learning03\Learning03.csproj", "{60D82F02-8BC7-41AC-A282-9DE68A372D2A}"
EndProject
Project("{9A19103F-16F7-4668-BE54-9A1E7A4F7556}") = "Learning04", "prepare\Learning04\Learning04.csproj", "{0CD9BD81-0A4A-432D-9BEA-952CFEACF6E8}"
EndProject
Project("{9A19103F-16F7-4668-BE54-9A1E7A4F7556}") = "Learning05", "prepare\Learning05\Learning05.csproj", "{8206CBFC-0E9D-4536-A2C1-FB42F3545025}"
EndProject
Project("{2150E333-8FDC-42A3-9474-1A3956D46DE8}") = "prove", "prove", "{6829A4A1-9167-4D66-AD18-E81A0F0D24FF}"
EndProject
Project("{9A19103F-16F7-4668-BE54-9A1E7A4F7556}") = "Develop02", "prove\Develop02\Develop02.csproj", "{6027E5EB-8382-4D16-B35F-01D19FD64745}"
EndProject
Project("{9A19103F-16F7-4668-BE54-9A1E7A4F7556}") = "Develop03", "prove\Develop03\Develop03.csproj", "{39AB5D6B-CA3C-401F-BFD2-4717108420EC}"
EndProject
Project("{9A19103F-16F7-4668-BE54-9A1E7A4F7556}") = "Develop04", "prove\Develop04\Develop04.csproj", "{608E6B41-E1AD-46FD-8B97-9592DC8DD556}"
EndProject
Project("{9A19103F-16F7-4668-BE54-9A1E7A4F7556}") = "Develop05", "prove\Develop05\Develop05.csproj", "{4520B31D-CD6D-4728-8F7A-9C6643270900}"
EndProject
Project("{2150E333-8FDC-42A3-9474-1A3956D46DE8}") = "sandbox", "sandbox", "{D8D73DCA-2D67-4FC5-ACDE-18BCE1D5104B}"
EndProject
Project("{9A19103F-16F7-4668-BE54-9A1E7A4F7556}") = "Sandbox", "sandbox\Sandbox\Sandbox.csproj", "{81E2848F-1D63-447B-8C88-6E0D288432F4}"
EndProject
Global
	GlobalSection(SolutionConfigurationPlatforms) = preSolution
		Debug|Any CPU = Debug|Any CPU
		Release|Any CPU = Release|Any CPU
	EndGlobalSection
	GlobalSection(ProjectConfigurationPlatforms) = postSolution
		{D849684D-D5C0-401F-97F2-80D0213481DD}.Debug|Any CPU.ActiveCfg = Debug|Any CPU
		{D849684D-D5C0-401F-97F2-80D0213481DD}.Debug|Any CPU.Build.0 = Debug|Any CPU
		{D849684D-D5C0-401F-97F2-80D0213481DD}.Release|Any CPU.ActiveCfg = Release|Any CPU
		{D849684D-D5C0-401F-97F2-80D0213481DD}.Release|Any CPU.Build.0 = Release|Any CPU
		{6ECC1999-C7F1-4C44-A7B4-FCD8191D18ED}.Debug|Any CPU.ActiveCfg = Debug|Any CPU
		{6ECC1999-C7F1-4C44-A7B4-FCD8191D18ED}.Debug|Any CPU.Build.0 = Debug|Any CPU
		{6ECC1999-C7F1-4C44-A7B4-FCD8191D18ED}.Release|Any CPU.ActiveCfg = Release|Any CPU
		{6ECC1999-C7F1-4C44-A7B4-FCD8191D18ED}.Release|Any CPU.Build.0 = Release|Any CPU
		{B5A6DF0F-7DA2-4834-ACB2-EDC1A71C440F}.Debug|Any CPU.ActiveCfg = Debug|Any CPU
		{B5A6DF0F-7DA2-4834-ACB2-EDC1A71C440F}.Debug|Any CPU.Build.0 = Debug|Any CPU
		{B5A6DF0F-7DA2-4834-ACB2-EDC1A71C440F}.Release|Any CPU.ActiveCfg = Release|Any CPU
		{B5A6DF0F-7DA2-4834-ACB2-EDC1A71C440F}.Release|Any CPU.Build.0 = Release|Any CPU
		{C90F7ECB-37E3-45BA-891B-841194653B89}.Debug|Any CPU.ActiveCfg = Debug|Any CPU
		{C90F7ECB-37E3-45BA-891B-841194653B89}.Debug|Any CPU.Build.0 = Debug|Any CPU
		{C90F7ECB-37E3-45BA-891B-841194653B89}.Release|Any CPU.ActiveCfg = Release|Any CPU
		{C90F7ECB-37E3-45BA-891B-841194653B89}.Release|Any CPU.Build.0 = Release|Any CPU
		{49CF10EE-D8CF-4CD2-B2A8-BC2BF223F975}.Debug|Any CPU.ActiveCfg = Debug|Any CPU
		{49CF10EE-D8CF-4CD2-B2A8-BC2BF223F975}.Debug|Any CPU.Build.0 = Debug|Any CPU
		{49CF10EE-D8CF-4CD2-B2A8-BC2BF223F975}.Release|Any CPU.ActiveCfg = Release|Any CPU
		{49CF10EE-D8CF-4CD2-B2A8-BC2BF223F975}.Release|Any CPU.Build.0 = Release|Any CPU
		{18E15B8F-FFBE-46B4-841C-A444202C62A8}.Debug|Any CPU.ActiveCfg = Debug|Any CPU
		{18E15B8F-FFBE-46B4-841C-A444202C62A8}.Debug|Any CPU.Build.0 = Debug|Any CPU
		{18E15B8F-FFBE-46B4-841C-A444202C62A8}.Release|Any CPU.ActiveCfg = Release|Any CPU
		{18E15B8F-FFBE-46B4-841C-A444202C62A8}.Release|Any CPU.Build.0 = Release|Any CPU
		{67593465-2A99-4CC2-AE61-2E1AB2EC3512}.Debug|Any CPU.ActiveCfg = Debug|Any CPU
		{67593465-2A99-4CC2-AE61-2E1AB2EC3512}.Debug|Any CPU.Build.0 = Debug|Any CPU
		{67593465-2A99-4CC2-AE61-2E1AB2EC3512}.Release|Any CPU.ActiveCfg = Release|Any CPU
		{67593465-2A99-4CC2-AE61-2E1AB2EC3512}.Release|Any CPU.Build.0 = Release|Any CPU
		{FD33E5B6-E21C-4AE9-99C5-7C8CCEF60846}.Debug|Any CPU.ActiveCfg = Debug|Any CPU
		{FD33E5B6-E21C-4AE9-99C5-7C8CCEF60846}.Debug|Any CPU.Build.0 = Debug|Any CPU
		{FD33E5B6-E21C-4AE9-99C5-7C8CCEF60846}.Release|Any CPU.ActiveCfg = Release|Any CPU
		{FD33E5B6-E21C-4AE9-99C5-7C8CCEF60846}.Release|Any CPU.Build.0 = Release|Any CPU
		{B80FEB5D-289B-4FB9-B8F5-2478C81F4E79}.Debug|Any CPU.ActiveCfg = Debug|Any CPU
		{B80FEB5D-289B-4FB9-B8F5-2478C81F4E79}.Debug|Any CPU.Build.0 = Debug|Any CPU
		{B80FEB5D-289B-4FB9-B8F5-2478C81F4E79}.Release|Any CPU.ActiveCfg = Release|Any CPU
		{B80FEB5D-289B-4FB9-B8F5-2478C81F4E79}.Release|Any CPU.Build.0 = Release|Any CPU
		{61672E88-7F8D-4077-9836-10E5228156AB}.Debug|Any CPU.ActiveCfg = Debug|Any CPU
		{61672E88-7F8D-4077-9836-10E5228156AB}.Debug|Any CPU.Build.0 = Debug|Any CPU
		{61672E88-7F8D-4077-9836-10E5228156AB}.Release|Any CPU.ActiveCfg = Release|Any CPU
		{61672E88-7F8D-4077-9836-10E5228156AB}.Release|Any CPU.Build.0 = Release|Any CPU
		{AA18F7E7-CA4C-4C62-9B46-7D44066F99A3}.Debug|Any CPU.ActiveCfg = Debug|Any CPU
		{AA18F7E7-CA4C-4C62-9B46-7D44066F99A3}.Debug|Any CPU.Build.0 = Debug|Any CPU
		{AA18F7E7-CA4C-4C62-9B46-7D44066F99A3}.Release|Any CPU.ActiveCfg = Release|Any CPU
		{AA18F7E7-CA4C-4C62-9B46-7D44066F99A3}.Release|Any CPU.Build.0 = Release|Any CPU
		{60D82F02-8BC7-41AC-A282-9DE68A372D2A}.Debug|Any CPU.ActiveCfg = Debug|Any CPU
		{60D82F02-8BC7-41AC-A282-9DE68A372D2A}.Debug|Any CPU.Build.0 = Debug|Any CPU
		{60D82F02-8BC7-41AC-A282-9DE68A372D2A}.Release|Any CPU.ActiveCfg = Release|Any CPU
		{60D82F02-8BC7-41AC-A282-9DE68A372D2A}.Release|Any CPU.Build.0 = Release|Any CPU
		{0CD9BD81-0A4A-432D-9BEA-952CFEACF6E8}.Debug|Any CPU.ActiveCfg = Debug|Any CPU
		{0CD9BD81-0A4A-432D-9BEA-952CFEACF6E8}.Debug|Any CPU.Build.0 = Debug|Any CPU
		{0CD9BD81-0A4A-432D-9BEA-952CFEACF6E8}.Release|Any CPU.ActiveCfg = Release|Any CPU
		{0CD9BD81-0A4A-432D-9BEA-952CFEACF6E8}.Release|Any CPU.Build.0 = Release|Any CPU
		{8206CBFC-0E9D-4536-A2C1-FB42F3545025}.Debug|Any CPU.ActiveCfg = Debug|Any CPU
		{8206CBFC-0E9D-4536-A2C1-FB42F3545025}.Debug|Any CPU.Build.0 = Debug|Any CPU
		{8206CBFC-0E9D-4536-A2C1-FB42F3545025}.Release|Any CPU.ActiveCfg = Release|Any CPU
		{8206CBFC-0E9D-4536-A2C1-FB42F3545025}.Release|Any CPU.Build.0 = Release|Any CPU
		{6027E5EB-8382-4D16-B35F-01D19FD64745}.Debug|Any CPU.ActiveCfg = Debug|Any CPU
		{6027E5EB-8382-4D16-B35F-01D19FD64745}.Debug|Any CPU.Build.0 = Debug|Any CPU
		{6027E5EB-8382-4D16-B35F-01D19FD64745}.Release|Any CPU.ActiveCfg = Release|Any CPU
		{6027E5EB-8382-4D16-B35F-01D19FD64745}.Release|Any CPU.Build.0 = Release|Any CPU
		{39AB5D6B-CA3C-401F-BFD2-4717108420EC}.Debug|Any CPU.ActiveCfg = Debug|Any CPU
		{39AB5D6B-CA3C-401F-BFD2-4717108420EC}.Debug|Any CPU.Build.0 = Debug|Any CPU
		{39AB5D6B-CA3C-401F-BFD2-4717108420EC}.Release|Any CPU.ActiveCfg = Release|Any CPU
		{39AB5D6B-CA3C-401F-BFD2-4717108420EC}.Release|Any CPU.Build.0 = Release|Any CPU
		{608E6B41-E1AD-46FD-8B97-9592DC8DD556}.Debug|Any CPU.ActiveCfg = Debug|Any CPU
		{608E6B41-E1AD-46FD-8B97-9592DC8DD556}.Debug|Any CPU.Build.0 = Debug|Any CPU
		{608E6B41-E1AD-46FD-8B97-9592DC8DD556}.Release|Any CPU.ActiveCfg = Release|Any CPU
		{608E6B41-E1AD-46FD-8B97-9592DC8DD556}.Release|Any CPU.Build.0 = Release|Any CPU
		{4520B31D-CD6D-4728-8F7A-9C6643270900}.Debug|Any CPU.ActiveCfg = Debug|Any CPU
		{4520B31D-CD6D-4728-8F7A-9C6643270900}.Debug|Any CPU.Build.0 = Debug|Any CPU
		{4520B31D-CD6D-4728-8F7A-9C6643270900}.Release|Any CPU.ActiveCfg = Release|Any CPU
		{4520B31D-CD6D-4728-8F7A-9C6643270900}.Release|Any CPU.Build.0 = Release|Any CPU
		{81E2848F-1D63-447B-8C88-6E0D288432F4}.Debug|Any CPU.ActiveCfg = Debug|Any CPU
		{81E2848F-1D63-447B-8C88-6E0D288432F4}.Debug|Any CPU.Build.0 = Debug|Any CPU
		{81E2848F-1D63-447B-8C88-6E0D288432F4}.Release|Any CPU.ActiveCfg = Release|Any CPU
		{81E2848F-1D63-447B-8C88-6E0D288432F4}.Release|Any CPU.Build.0 = Release|Any CPU
	EndGlobalSection
	GlobalSection(SolutionProperties) = preSolution
		HideSolutionNode = FALSE
	EndGlobalSection
	GlobalSection(NestedProjects) = preSolution
		{D849684D-D5C0-401F-97F2-80D0213481DD} = {FDBDF7AD-9AED-431F-939A-C6B8A499A0D2}
		{6ECC1999-C7F1-4C44-A7B4-FCD8191D18ED} = {FDBDF7AD-9AED-431F-939A-C6B8A499A0D2}
		{B5A6DF0F-7DA2-4834-ACB2-EDC1A71C440F} = {FDBDF7AD-9AED-431F-939A-C6B8A499A0D2}
		{C90F7ECB-37E3-45BA-891B-841194653B89} = {FDBDF7AD-9AED-431F-939A-C6B8A499A0D2}
		{49CF10EE-D8CF-4CD2-B2A8-BC2BF223F975} = {FDBDF7AD-9AED-431F-939A-C6B8A499A0D2}
		{18E15B8F-FFBE-46B4-841C-A444202C62A8} = {7120B54D-B1C7-4C13-8664-08B2ECB0263C}
		{67593465-2A99-4CC2-AE61-2E1AB2EC3512} = {7120B54D-B1C7-4C13-8664-08B2ECB0263C}
		{FD33E5B6-E21C-4AE9-99C5-7C8CCEF60846} = {7120B54D-B1C7-4C13-8664-08B2ECB0263C}
		{B80FEB5D-289B-4FB9-B8F5-2478C81F4E79} = {7120B54D-B1C7-4C13-8664-08B2ECB0263C}
		{61672E88-7F8D-4077-9836-10E5228156AB} = {7120B54D-B1C7-4C13-8664-08B2ECB0263C}
		{AA18F7E7-CA4C-4C62-9B46-7D44066F99A3} = {CDABC9D8-E06A-4970-B20F-2886ED46675F}
		{60D82F02-8BC7-41AC-A282-9DE68A372D2A} = {CDABC9D8-E06A-4970-B20F-2886ED46675F}
		{0CD9BD81-0A4A-432D-9BEA-952CFEACF6E8} = {CDABC9D8-E06A-4970-B20F-2886ED46675F}
		{8206CBFC-0E9D-4536-A2C1-FB42F3545025} = {CDABC9D8-E06A-4970-B20F-2886ED46675F}
		{6027E5EB-8382-4D16-B35F-01D19FD64745} = {6829A4A1-9167-4D66-AD18-E81A0F0D24FF}
		{39AB5D6B-CA3C-401F-BFD2-4717108420EC} = {6829A4A1-9167-4D66-AD18-E81A0F0D24FF}
		{608E6B41-E1AD-46FD-8B97-9592DC8DD556} = {6829A4A1-9167-4D66-AD18-E81A0F0D24FF}
		{4520B31D-CD6D-4728-8F7A-9C6643270900} = {6829A4A1-9167-4D66-AD18-E81A0F0D24FF}
		{81E2848F-1D63-447B-8C88-6E0D288432F4} = {D8D73DCA-2D67-4FC5-ACDE-18BCE1D5104B}
	EndGlobalSection
	GlobalSection(ExtensibilityGlobals) = postSolution
		SolutionGuid = {A458034A-69CC-4BF2-9EDD-F26A836C8AB9}
	EndGlobalSection
EndGlobal
